PODS:
  - FaveButton (3.2.0)
  - MaterialComponents/AnimationTiming (76.1.2)
  - MaterialComponents/BottomNavigation (76.1.2):
    - MaterialComponents/Ink
    - MaterialComponents/private/Math
    - MaterialComponents/ShadowElevations
    - MaterialComponents/ShadowLayer
    - MaterialComponents/Typography
    - MDFInternationalization
  - MaterialComponents/Buttons (76.1.2):
    - MaterialComponents/Ink
    - MaterialComponents/private/Math
    - MaterialComponents/ShadowElevations
    - MaterialComponents/ShadowLayer
    - MaterialComponents/Shapes
    - MaterialComponents/Typography
    - MDFInternationalization
    - MDFTextAccessibility
  - MaterialComponents/HeaderStackView (76.1.2)
  - MaterialComponents/Ink (76.1.2):
    - MaterialComponents/private/Math
  - MaterialComponents/private/Application (76.1.2)
  - MaterialComponents/private/Math (76.1.2)
  - MaterialComponents/schemes/Color (76.1.2)
  - MaterialComponents/ShadowElevations (76.1.2)
  - MaterialComponents/ShadowLayer (76.1.2):
    - MaterialComponents/ShadowElevations
  - MaterialComponents/Shapes (76.1.2):
    - MaterialComponents/private/Math
    - MaterialComponents/ShadowLayer
  - MaterialComponents/Tabs (76.1.2):
    - MaterialComponents/AnimationTiming
    - MaterialComponents/Ink
    - MaterialComponents/private/Math
    - MaterialComponents/ShadowElevations
    - MaterialComponents/ShadowLayer
    - MaterialComponents/Typography
    - MDFInternationalization
  - "MaterialComponents/Tabs+ColorThemer (76.1.2)":
    - MaterialComponents/schemes/Color
    - MaterialComponents/Tabs
  - MaterialComponents/Typography (76.1.2):
    - MaterialComponents/private/Application
    - MaterialComponents/private/Math
  - MDFInternationalization (2.0.0)
  - MDFTextAccessibility (2.0.0)
  - XLPagerTabStrip (8.1.1)

DEPENDENCIES:
  - FaveButton
  - MaterialComponents/BottomNavigation
  - MaterialComponents/Buttons
  - MaterialComponents/HeaderStackView
  - MaterialComponents/ShadowElevations
  - "MaterialComponents/Tabs+ColorThemer"
  - XLPagerTabStrip (~> 8.1)

SPEC REPOS:
  https://github.com/cocoapods/specs.git:
    - FaveButton
    - MaterialComponents
    - MDFInternationalization
    - MDFTextAccessibility
    - XLPagerTabStrip

SPEC CHECKSUMS:
  FaveButton: c818ab3d04d22a7615e93f08c7b35932acb3f735
  MaterialComponents: 1aef341d47fbaed37ddb5163a01af94cb6da8506
  MDFInternationalization: 010097556d6b09d2c4ea38e0820ea6d37be6a314
  MDFTextAccessibility: 85c09a1bd9c321f494348e632a25063bcda35a53
  XLPagerTabStrip: 63166e21c9844fa30f2d95d30f335e73be5caf22

PODFILE CHECKSUM: e471514551d1ecbf1a58d606f714d9ab336f6531

COCOAPODS: 1.5.3
