// !$*UTF8*$!
{
	archiveVersion = 1;
	classes = {
	};
	objectVersion = 50;
	objects = {

/* Begin PBXBuildFile section */
		7104599621FB91BC00677A19 /* AppDelegate.swift in Sources */ = {isa = PBXBuildFile; fileRef = 7104599521FB91BC00677A19 /* AppDelegate.swift */; };
		7104599821FB91BC00677A19 /* ViewController.swift in Sources */ = {isa = PBXBuildFile; fileRef = 7104599721FB91BC00677A19 /* ViewController.swift */; };
		7104599B21FB91BC00677A19 /* Main.storyboard in Resources */ = {isa = PBXBuildFile; fileRef = 7104599921FB91BC00677A19 /* Main.storyboard */; };
		7104599D21FB91BD00677A19 /* Assets.xcassets in Resources */ = {isa = PBXBuildFile; fileRef = 7104599C21FB91BD00677A19 /* Assets.xcassets */; };
		710459A021FB91BD00677A19 /* LaunchScreen.storyboard in Resources */ = {isa = PBXBuildFile; fileRef = 7104599E21FB91BD00677A19 /* LaunchScreen.storyboard */; };
		710459A821FB99F100677A19 /* RadioViewController.swift in Sources */ = {isa = PBXBuildFile; fileRef = 710459A721FB99F100677A19 /* RadioViewController.swift */; };
		710459AB21FED0C900677A19 /* ShadowUIView.swift in Sources */ = {isa = PBXBuildFile; fileRef = 710459AA21FED0C900677A19 /* ShadowUIView.swift */; };
		714A7D4D220CC117005A0001 /* Helper.swift in Sources */ = {isa = PBXBuildFile; fileRef = 714A7D4C220CC117005A0001 /* Helper.swift */; };
		714A7D59220E0DA3005A0001 /* OpenSans-LightItalic.ttf in Resources */ = {isa = PBXBuildFile; fileRef = 714A7D4F220E0DA1005A0001 /* OpenSans-LightItalic.ttf */; };
		714A7D5A220E0DA3005A0001 /* OpenSans-SemiBoldItalic.ttf in Resources */ = {isa = PBXBuildFile; fileRef = 714A7D50220E0DA1005A0001 /* OpenSans-SemiBoldItalic.ttf */; };
		714A7D5B220E0DA3005A0001 /* OpenSans-BoldItalic.ttf in Resources */ = {isa = PBXBuildFile; fileRef = 714A7D51220E0DA1005A0001 /* OpenSans-BoldItalic.ttf */; };
		714A7D5C220E0DA3005A0001 /* OpenSans-Italic.ttf in Resources */ = {isa = PBXBuildFile; fileRef = 714A7D52220E0DA2005A0001 /* OpenSans-Italic.ttf */; };
		714A7D5D220E0DA3005A0001 /* OpenSans-ExtraBold.ttf in Resources */ = {isa = PBXBuildFile; fileRef = 714A7D53220E0DA2005A0001 /* OpenSans-ExtraBold.ttf */; };
		714A7D5E220E0DA3005A0001 /* OpenSans-ExtraBoldItalic.ttf in Resources */ = {isa = PBXBuildFile; fileRef = 714A7D54220E0DA2005A0001 /* OpenSans-ExtraBoldItalic.ttf */; };
		714A7D5F220E0DA3005A0001 /* OpenSans-Light.ttf in Resources */ = {isa = PBXBuildFile; fileRef = 714A7D55220E0DA2005A0001 /* OpenSans-Light.ttf */; };
		714A7D60220E0DA3005A0001 /* OpenSans-Bold.ttf in Resources */ = {isa = PBXBuildFile; fileRef = 714A7D56220E0DA2005A0001 /* OpenSans-Bold.ttf */; };
		714A7D61220E0DA3005A0001 /* OpenSans-Regular.ttf in Resources */ = {isa = PBXBuildFile; fileRef = 714A7D57220E0DA3005A0001 /* OpenSans-Regular.ttf */; };
		714A7D62220E0DA3005A0001 /* OpenSans-SemiBold.ttf in Resources */ = {isa = PBXBuildFile; fileRef = 714A7D58220E0DA3005A0001 /* OpenSans-SemiBold.ttf */; };
		714A7D64220E73DF005A0001 /* NavigationViewController.swift in Sources */ = {isa = PBXBuildFile; fileRef = 714A7D63220E73DF005A0001 /* NavigationViewController.swift */; };
		714A7D66220E765B005A0001 /* TVViewController.swift in Sources */ = {isa = PBXBuildFile; fileRef = 714A7D65220E765B005A0001 /* TVViewController.swift */; };
		714A7D77220FC20A005A0001 /* NewsViewController.swift in Sources */ = {isa = PBXBuildFile; fileRef = 714A7D76220FC20A005A0001 /* NewsViewController.swift */; };
		71CE9E9422221252002DA0FA /* HumberRadioPlayer.swift in Sources */ = {isa = PBXBuildFile; fileRef = 71CE9E9322221252002DA0FA /* HumberRadioPlayer.swift */; };
		71CE9E96222212CE002DA0FA /* Track.swift in Sources */ = {isa = PBXBuildFile; fileRef = 71CE9E95222212CE002DA0FA /* Track.swift */; };
		71CE9E98222213B0002DA0FA /* HumberRadioStation.swift in Sources */ = {isa = PBXBuildFile; fileRef = 71CE9E97222213B0002DA0FA /* HumberRadioStation.swift */; };
		71CE9E9B22221993002DA0FA /* ImageLoader.swift in Sources */ = {isa = PBXBuildFile; fileRef = 71CE9E9A22221993002DA0FA /* ImageLoader.swift */; };
		7B4EA67FC54100C295A918E1 /* Pods_HumberMedia.framework in Frameworks */ = {isa = PBXBuildFile; fileRef = 0DC12AC5803C8C36BE2B02CC /* Pods_HumberMedia.framework */; };
/* End PBXBuildFile section */

/* Begin PBXFileReference section */
		0DC12AC5803C8C36BE2B02CC /* Pods_HumberMedia.framework */ = {isa = PBXFileReference; explicitFileType = wrapper.framework; includeInIndex = 0; path = Pods_HumberMedia.framework; sourceTree = BUILT_PRODUCTS_DIR; };
		4D84C998B5C198C11089582E /* Pods-HumberMedia.release.xcconfig */ = {isa = PBXFileReference; includeInIndex = 1; lastKnownFileType = text.xcconfig; name = "Pods-HumberMedia.release.xcconfig"; path = "Pods/Target Support Files/Pods-HumberMedia/Pods-HumberMedia.release.xcconfig"; sourceTree = "<group>"; };
		7104599221FB91BC00677A19 /* HumberMedia.app */ = {isa = PBXFileReference; explicitFileType = wrapper.application; includeInIndex = 0; path = HumberMedia.app; sourceTree = BUILT_PRODUCTS_DIR; };
		7104599521FB91BC00677A19 /* AppDelegate.swift */ = {isa = PBXFileReference; lastKnownFileType = sourcecode.swift; path = AppDelegate.swift; sourceTree = "<group>"; };
		7104599721FB91BC00677A19 /* ViewController.swift */ = {isa = PBXFileReference; lastKnownFileType = sourcecode.swift; path = ViewController.swift; sourceTree = "<group>"; };
		7104599A21FB91BC00677A19 /* Base */ = {isa = PBXFileReference; lastKnownFileType = file.storyboard; name = Base; path = Base.lproj/Main.storyboard; sourceTree = "<group>"; };
		7104599C21FB91BD00677A19 /* Assets.xcassets */ = {isa = PBXFileReference; lastKnownFileType = folder.assetcatalog; path = Assets.xcassets; sourceTree = "<group>"; };
		7104599F21FB91BD00677A19 /* Base */ = {isa = PBXFileReference; lastKnownFileType = file.storyboard; name = Base; path = Base.lproj/LaunchScreen.storyboard; sourceTree = "<group>"; };
		710459A121FB91BD00677A19 /* Info.plist */ = {isa = PBXFileReference; lastKnownFileType = text.plist.xml; path = Info.plist; sourceTree = "<group>"; };
		710459A721FB99F100677A19 /* RadioViewController.swift */ = {isa = PBXFileReference; lastKnownFileType = sourcecode.swift; path = RadioViewController.swift; sourceTree = "<group>"; };
		710459AA21FED0C900677A19 /* ShadowUIView.swift */ = {isa = PBXFileReference; lastKnownFileType = sourcecode.swift; path = ShadowUIView.swift; sourceTree = "<group>"; };
		714A7D4C220CC117005A0001 /* Helper.swift */ = {isa = PBXFileReference; lastKnownFileType = sourcecode.swift; path = Helper.swift; sourceTree = "<group>"; };
		714A7D4F220E0DA1005A0001 /* OpenSans-LightItalic.ttf */ = {isa = PBXFileReference; lastKnownFileType = file; path = "OpenSans-LightItalic.ttf"; sourceTree = "<group>"; };
		714A7D50220E0DA1005A0001 /* OpenSans-SemiBoldItalic.ttf */ = {isa = PBXFileReference; lastKnownFileType = file; path = "OpenSans-SemiBoldItalic.ttf"; sourceTree = "<group>"; };
		714A7D51220E0DA1005A0001 /* OpenSans-BoldItalic.ttf */ = {isa = PBXFileReference; lastKnownFileType = file; path = "OpenSans-BoldItalic.ttf"; sourceTree = "<group>"; };
		714A7D52220E0DA2005A0001 /* OpenSans-Italic.ttf */ = {isa = PBXFileReference; lastKnownFileType = file; path = "OpenSans-Italic.ttf"; sourceTree = "<group>"; };
		714A7D53220E0DA2005A0001 /* OpenSans-ExtraBold.ttf */ = {isa = PBXFileReference; lastKnownFileType = file; path = "OpenSans-ExtraBold.ttf"; sourceTree = "<group>"; };
		714A7D54220E0DA2005A0001 /* OpenSans-ExtraBoldItalic.ttf */ = {isa = PBXFileReference; lastKnownFileType = file; path = "OpenSans-ExtraBoldItalic.ttf"; sourceTree = "<group>"; };
		714A7D55220E0DA2005A0001 /* OpenSans-Light.ttf */ = {isa = PBXFileReference; lastKnownFileType = file; path = "OpenSans-Light.ttf"; sourceTree = "<group>"; };
		714A7D56220E0DA2005A0001 /* OpenSans-Bold.ttf */ = {isa = PBXFileReference; lastKnownFileType = file; path = "OpenSans-Bold.ttf"; sourceTree = "<group>"; };
		714A7D57220E0DA3005A0001 /* OpenSans-Regular.ttf */ = {isa = PBXFileReference; lastKnownFileType = file; path = "OpenSans-Regular.ttf"; sourceTree = "<group>"; };
		714A7D58220E0DA3005A0001 /* OpenSans-SemiBold.ttf */ = {isa = PBXFileReference; lastKnownFileType = file; path = "OpenSans-SemiBold.ttf"; sourceTree = "<group>"; };
		714A7D63220E73DF005A0001 /* NavigationViewController.swift */ = {isa = PBXFileReference; lastKnownFileType = sourcecode.swift; path = NavigationViewController.swift; sourceTree = "<group>"; };
		714A7D65220E765B005A0001 /* TVViewController.swift */ = {isa = PBXFileReference; lastKnownFileType = sourcecode.swift; path = TVViewController.swift; sourceTree = "<group>"; };
		714A7D76220FC20A005A0001 /* NewsViewController.swift */ = {isa = PBXFileReference; lastKnownFileType = sourcecode.swift; path = NewsViewController.swift; sourceTree = "<group>"; };
		71CE9E9322221252002DA0FA /* HumberRadioPlayer.swift */ = {isa = PBXFileReference; lastKnownFileType = sourcecode.swift; path = HumberRadioPlayer.swift; sourceTree = "<group>"; };
		71CE9E95222212CE002DA0FA /* Track.swift */ = {isa = PBXFileReference; lastKnownFileType = sourcecode.swift; path = Track.swift; sourceTree = "<group>"; };
		71CE9E97222213B0002DA0FA /* HumberRadioStation.swift */ = {isa = PBXFileReference; lastKnownFileType = sourcecode.swift; path = HumberRadioStation.swift; sourceTree = "<group>"; };
		71CE9E9A22221993002DA0FA /* ImageLoader.swift */ = {isa = PBXFileReference; lastKnownFileType = sourcecode.swift; path = ImageLoader.swift; sourceTree = "<group>"; };
		FAFDEE1494170F0ACC007C55 /* Pods-HumberMedia.debug.xcconfig */ = {isa = PBXFileReference; includeInIndex = 1; lastKnownFileType = text.xcconfig; name = "Pods-HumberMedia.debug.xcconfig"; path = "Pods/Target Support Files/Pods-HumberMedia/Pods-HumberMedia.debug.xcconfig"; sourceTree = "<group>"; };
/* End PBXFileReference section */

/* Begin PBXFrameworksBuildPhase section */
		7104598F21FB91BC00677A19 /* Frameworks */ = {
			isa = PBXFrameworksBuildPhase;
			buildActionMask = 2147483647;
			files = (
				7B4EA67FC54100C295A918E1 /* Pods_HumberMedia.framework in Frameworks */,
			);
			runOnlyForDeploymentPostprocessing = 0;
		};
/* End PBXFrameworksBuildPhase section */

/* Begin PBXGroup section */
		0119D4F045982DDB62753D5A /* Frameworks */ = {
			isa = PBXGroup;
			children = (
				0DC12AC5803C8C36BE2B02CC /* Pods_HumberMedia.framework */,
			);
			name = Frameworks;
			sourceTree = "<group>";
		};
		7104598921FB91BC00677A19 = {
			isa = PBXGroup;
			children = (
				7104599421FB91BC00677A19 /* HumberMedia */,
				7104599321FB91BC00677A19 /* Products */,
				EB171AB6CBF989BD48CFD89C /* Pods */,
				0119D4F045982DDB62753D5A /* Frameworks */,
			);
			sourceTree = "<group>";
		};
		7104599321FB91BC00677A19 /* Products */ = {
			isa = PBXGroup;
			children = (
				7104599221FB91BC00677A19 /* HumberMedia.app */,
			);
			name = Products;
			sourceTree = "<group>";
		};
		7104599421FB91BC00677A19 /* HumberMedia */ = {
			isa = PBXGroup;
			children = (
				EAB31D9533FA1A8CA9CCD39C /* fonts */,
				710459A921FED0A800677A19 /* helpers */,
				7104599521FB91BC00677A19 /* AppDelegate.swift */,
				7104599721FB91BC00677A19 /* ViewController.swift */,
				7104599921FB91BC00677A19 /* Main.storyboard */,
				7104599C21FB91BD00677A19 /* Assets.xcassets */,
				7104599E21FB91BD00677A19 /* LaunchScreen.storyboard */,
				710459A121FB91BD00677A19 /* Info.plist */,
				710459A721FB99F100677A19 /* RadioViewController.swift */,
				714A7D63220E73DF005A0001 /* NavigationViewController.swift */,
				714A7D65220E765B005A0001 /* TVViewController.swift */,
				714A7D76220FC20A005A0001 /* NewsViewController.swift */,
			);
			path = HumberMedia;
			sourceTree = "<group>";
		};
		710459A921FED0A800677A19 /* helpers */ = {
			isa = PBXGroup;
			children = (
				71CE9E99222218EB002DA0FA /* spring */,
				710459AA21FED0C900677A19 /* ShadowUIView.swift */,
				714A7D4C220CC117005A0001 /* Helper.swift */,
				71CE9E9322221252002DA0FA /* HumberRadioPlayer.swift */,
				71CE9E95222212CE002DA0FA /* Track.swift */,
				71CE9E97222213B0002DA0FA /* HumberRadioStation.swift */,
			);
			path = helpers;
			sourceTree = "<group>";
		};
		71CE9E99222218EB002DA0FA /* spring */ = {
			isa = PBXGroup;
			children = (
				71CE9E9A22221993002DA0FA /* ImageLoader.swift */,
			);
			path = spring;
			sourceTree = "<group>";
		};
		EAB31D9533FA1A8CA9CCD39C /* fonts */ = {
			isa = PBXGroup;
			children = (
				714A7D56220E0DA2005A0001 /* OpenSans-Bold.ttf */,
				714A7D51220E0DA1005A0001 /* OpenSans-BoldItalic.ttf */,
				714A7D53220E0DA2005A0001 /* OpenSans-ExtraBold.ttf */,
				714A7D54220E0DA2005A0001 /* OpenSans-ExtraBoldItalic.ttf */,
				714A7D52220E0DA2005A0001 /* OpenSans-Italic.ttf */,
				714A7D55220E0DA2005A0001 /* OpenSans-Light.ttf */,
				714A7D4F220E0DA1005A0001 /* OpenSans-LightItalic.ttf */,
				714A7D57220E0DA3005A0001 /* OpenSans-Regular.ttf */,
				714A7D58220E0DA3005A0001 /* OpenSans-SemiBold.ttf */,
				714A7D50220E0DA1005A0001 /* OpenSans-SemiBoldItalic.ttf */,
			);
			name = fonts;
			path = ..;
			sourceTree = "<group>";
		};
		EB171AB6CBF989BD48CFD89C /* Pods */ = {
			isa = PBXGroup;
			children = (
				FAFDEE1494170F0ACC007C55 /* Pods-HumberMedia.debug.xcconfig */,
				4D84C998B5C198C11089582E /* Pods-HumberMedia.release.xcconfig */,
			);
			name = Pods;
			sourceTree = "<group>";
		};
/* End PBXGroup section */

/* Begin PBXNativeTarget section */
		7104599121FB91BC00677A19 /* HumberMedia */ = {
			isa = PBXNativeTarget;
			buildConfigurationList = 710459A421FB91BD00677A19 /* Build configuration list for PBXNativeTarget "HumberMedia" */;
			buildPhases = (
				D49277F9F6E714D466CD6F12 /* [CP] Check Pods Manifest.lock */,
				7104598E21FB91BC00677A19 /* Sources */,
				7104598F21FB91BC00677A19 /* Frameworks */,
				7104599021FB91BC00677A19 /* Resources */,
				E7E3375F26EF780EAAF04269 /* [CP] Embed Pods Frameworks */,
			);
			buildRules = (
			);
			dependencies = (
			);
			name = HumberMedia;
			productName = HumberMedia;
			productReference = 7104599221FB91BC00677A19 /* HumberMedia.app */;
			productType = "com.apple.product-type.application";
		};
/* End PBXNativeTarget section */

/* Begin PBXProject section */
		7104598A21FB91BC00677A19 /* Project object */ = {
			isa = PBXProject;
			attributes = {
				LastSwiftUpdateCheck = 1010;
				LastUpgradeCheck = 1010;
				ORGANIZATIONNAME = "J-Fat";
				TargetAttributes = {
					7104599121FB91BC00677A19 = {
						CreatedOnToolsVersion = 10.1;
					};
				};
			};
			buildConfigurationList = 7104598D21FB91BC00677A19 /* Build configuration list for PBXProject "HumberMedia" */;
			compatibilityVersion = "Xcode 9.3";
			developmentRegion = en;
			hasScannedForEncodings = 0;
			knownRegions = (
				en,
				Base,
			);
			mainGroup = 7104598921FB91BC00677A19;
			productRefGroup = 7104599321FB91BC00677A19 /* Products */;
			projectDirPath = "";
			projectRoot = "";
			targets = (
				7104599121FB91BC00677A19 /* HumberMedia */,
			);
		};
/* End PBXProject section */

/* Begin PBXResourcesBuildPhase section */
		7104599021FB91BC00677A19 /* Resources */ = {
			isa = PBXResourcesBuildPhase;
			buildActionMask = 2147483647;
			files = (
				714A7D60220E0DA3005A0001 /* OpenSans-Bold.ttf in Resources */,
				714A7D5B220E0DA3005A0001 /* OpenSans-BoldItalic.ttf in Resources */,
				714A7D5E220E0DA3005A0001 /* OpenSans-ExtraBoldItalic.ttf in Resources */,
				710459A021FB91BD00677A19 /* LaunchScreen.storyboard in Resources */,
				7104599D21FB91BD00677A19 /* Assets.xcassets in Resources */,
				714A7D5D220E0DA3005A0001 /* OpenSans-ExtraBold.ttf in Resources */,
				714A7D62220E0DA3005A0001 /* OpenSans-SemiBold.ttf in Resources */,
				714A7D59220E0DA3005A0001 /* OpenSans-LightItalic.ttf in Resources */,
				7104599B21FB91BC00677A19 /* Main.storyboard in Resources */,
				714A7D5A220E0DA3005A0001 /* OpenSans-SemiBoldItalic.ttf in Resources */,
				714A7D5F220E0DA3005A0001 /* OpenSans-Light.ttf in Resources */,
				714A7D61220E0DA3005A0001 /* OpenSans-Regular.ttf in Resources */,
				714A7D5C220E0DA3005A0001 /* OpenSans-Italic.ttf in Resources */,
			);
			runOnlyForDeploymentPostprocessing = 0;
		};
/* End PBXResourcesBuildPhase section */

/* Begin PBXShellScriptBuildPhase section */
		D49277F9F6E714D466CD6F12 /* [CP] Check Pods Manifest.lock */ = {
			isa = PBXShellScriptBuildPhase;
			buildActionMask = 2147483647;
			files = (
			);
			inputFileListPaths = (
			);
			inputPaths = (
				"${PODS_PODFILE_DIR_PATH}/Podfile.lock",
				"${PODS_ROOT}/Manifest.lock",
			);
			name = "[CP] Check Pods Manifest.lock";
			outputFileListPaths = (
			);
			outputPaths = (
				"$(DERIVED_FILE_DIR)/Pods-HumberMedia-checkManifestLockResult.txt",
			);
			runOnlyForDeploymentPostprocessing = 0;
			shellPath = /bin/sh;
			shellScript = "diff \"${PODS_PODFILE_DIR_PATH}/Podfile.lock\" \"${PODS_ROOT}/Manifest.lock\" > /dev/null\nif [ $? != 0 ] ; then\n    # print error to STDERR\n    echo \"error: The sandbox is not in sync with the Podfile.lock. Run 'pod install' or update your CocoaPods installation.\" >&2\n    exit 1\nfi\n# This output is used by Xcode 'outputs' to avoid re-running this script phase.\necho \"SUCCESS\" > \"${SCRIPT_OUTPUT_FILE_0}\"\n";
			showEnvVarsInLog = 0;
		};
		E7E3375F26EF780EAAF04269 /* [CP] Embed Pods Frameworks */ = {
			isa = PBXShellScriptBuildPhase;
			buildActionMask = 2147483647;
			files = (
			);
			inputFileListPaths = (
			);
			inputPaths = (
				"${SRCROOT}/Pods/Target Support Files/Pods-HumberMedia/Pods-HumberMedia-frameworks.sh",
				"${BUILT_PRODUCTS_DIR}/FRadioPlayer/FRadioPlayer.framework",
				"${BUILT_PRODUCTS_DIR}/FaveButton/FaveButton.framework",
				"${BUILT_PRODUCTS_DIR}/MDFInternationalization/MDFInternationalization.framework",
				"${BUILT_PRODUCTS_DIR}/MDFTextAccessibility/MDFTextAccessibility.framework",
				"${BUILT_PRODUCTS_DIR}/MaterialComponents/MaterialComponents.framework",
				"${BUILT_PRODUCTS_DIR}/XLPagerTabStrip/XLPagerTabStrip.framework",
			);
			name = "[CP] Embed Pods Frameworks";
			outputFileListPaths = (
			);
			outputPaths = (
				"${TARGET_BUILD_DIR}/${FRAMEWORKS_FOLDER_PATH}/FRadioPlayer.framework",
				"${TARGET_BUILD_DIR}/${FRAMEWORKS_FOLDER_PATH}/FaveButton.framework",
				"${TARGET_BUILD_DIR}/${FRAMEWORKS_FOLDER_PATH}/MDFInternationalization.framework",
				"${TARGET_BUILD_DIR}/${FRAMEWORKS_FOLDER_PATH}/MDFTextAccessibility.framework",
				"${TARGET_BUILD_DIR}/${FRAMEWORKS_FOLDER_PATH}/MaterialComponents.framework",
				"${TARGET_BUILD_DIR}/${FRAMEWORKS_FOLDER_PATH}/XLPagerTabStrip.framework",
			);
			runOnlyForDeploymentPostprocessing = 0;
			shellPath = /bin/sh;
			shellScript = "\"${SRCROOT}/Pods/Target Support Files/Pods-HumberMedia/Pods-HumberMedia-frameworks.sh\"\n";
			showEnvVarsInLog = 0;
		};
/* End PBXShellScriptBuildPhase section */

/* Begin PBXSourcesBuildPhase section */
		7104598E21FB91BC00677A19 /* Sources */ = {
			isa = PBXSourcesBuildPhase;
			buildActionMask = 2147483647;
			files = (
				714A7D66220E765B005A0001 /* TVViewController.swift in Sources */,
				71CE9E96222212CE002DA0FA /* Track.swift in Sources */,
				71CE9E9B22221993002DA0FA /* ImageLoader.swift in Sources */,
				714A7D64220E73DF005A0001 /* NavigationViewController.swift in Sources */,
				710459AB21FED0C900677A19 /* ShadowUIView.swift in Sources */,
				7104599821FB91BC00677A19 /* ViewController.swift in Sources */,
				714A7D4D220CC117005A0001 /* Helper.swift in Sources */,
				7104599621FB91BC00677A19 /* AppDelegate.swift in Sources */,
				71CE9E9422221252002DA0FA /* HumberRadioPlayer.swift in Sources */,
				710459A821FB99F100677A19 /* RadioViewController.swift in Sources */,
				714A7D77220FC20A005A0001 /* NewsViewController.swift in Sources */,
				71CE9E98222213B0002DA0FA /* HumberRadioStation.swift in Sources */,
			);
			runOnlyForDeploymentPostprocessing = 0;
		};
/* End PBXSourcesBuildPhase section */

/* Begin PBXVariantGroup section */
		7104599921FB91BC00677A19 /* Main.storyboard */ = {
			isa = PBXVariantGroup;
			children = (
				7104599A21FB91BC00677A19 /* Base */,
			);
			name = Main.storyboard;
			sourceTree = "<group>";
		};
		7104599E21FB91BD00677A19 /* LaunchScreen.storyboard */ = {
			isa = PBXVariantGroup;
			children = (
				7104599F21FB91BD00677A19 /* Base */,
			);
			name = LaunchScreen.storyboard;
			sourceTree = "<group>";
		};
/* End PBXVariantGroup section */

/* Begin XCBuildConfiguration section */
		710459A221FB91BD00677A19 /* Debug */ = {
			isa = XCBuildConfiguration;
			buildSettings = {
				ALWAYS_SEARCH_USER_PATHS = NO;
				CLANG_ANALYZER_NONNULL = YES;
				CLANG_ANALYZER_NUMBER_OBJECT_CONVERSION = YES_AGGRESSIVE;
				CLANG_CXX_LANGUAGE_STANDARD = "gnu++14";
				CLANG_CXX_LIBRARY = "libc++";
				CLANG_ENABLE_MODULES = YES;
				CLANG_ENABLE_OBJC_ARC = YES;
				CLANG_ENABLE_OBJC_WEAK = YES;
				CLANG_WARN_BLOCK_CAPTURE_AUTORELEASING = YES;
				CLANG_WARN_BOOL_CONVERSION = YES;
				CLANG_WARN_COMMA = YES;
				CLANG_WARN_CONSTANT_CONVERSION = YES;
				CLANG_WARN_DEPRECATED_OBJC_IMPLEMENTATIONS = YES;
				CLANG_WARN_DIRECT_OBJC_ISA_USAGE = YES_ERROR;
				CLANG_WARN_DOCUMENTATION_COMMENTS = YES;
				CLANG_WARN_EMPTY_BODY = YES;
				CLANG_WARN_ENUM_CONVERSION = YES;
				CLANG_WARN_INFINITE_RECURSION = YES;
				CLANG_WARN_INT_CONVERSION = YES;
				CLANG_WARN_NON_LITERAL_NULL_CONVERSION = YES;
				CLANG_WARN_OBJC_IMPLICIT_RETAIN_SELF = YES;
				CLANG_WARN_OBJC_LITERAL_CONVERSION = YES;
				CLANG_WARN_OBJC_ROOT_CLASS = YES_ERROR;
				CLANG_WARN_RANGE_LOOP_ANALYSIS = YES;
				CLANG_WARN_STRICT_PROTOTYPES = YES;
				CLANG_WARN_SUSPICIOUS_MOVE = YES;
				CLANG_WARN_UNGUARDED_AVAILABILITY = YES_AGGRESSIVE;
				CLANG_WARN_UNREACHABLE_CODE = YES;
				CLANG_WARN__DUPLICATE_METHOD_MATCH = YES;
				CODE_SIGN_IDENTITY = "iPhone Developer";
				COPY_PHASE_STRIP = NO;
				DEBUG_INFORMATION_FORMAT = dwarf;
				ENABLE_STRICT_OBJC_MSGSEND = YES;
				ENABLE_TESTABILITY = YES;
				GCC_C_LANGUAGE_STANDARD = gnu11;
				GCC_DYNAMIC_NO_PIC = NO;
				GCC_NO_COMMON_BLOCKS = YES;
				GCC_OPTIMIZATION_LEVEL = 0;
				GCC_PREPROCESSOR_DEFINITIONS = (
					"DEBUG=1",
					"$(inherited)",
				);
				GCC_WARN_64_TO_32_BIT_CONVERSION = YES;
				GCC_WARN_ABOUT_RETURN_TYPE = YES_ERROR;
				GCC_WARN_UNDECLARED_SELECTOR = YES;
				GCC_WARN_UNINITIALIZED_AUTOS = YES_AGGRESSIVE;
				GCC_WARN_UNUSED_FUNCTION = YES;
				GCC_WARN_UNUSED_VARIABLE = YES;
				IPHONEOS_DEPLOYMENT_TARGET = 12.1;
				MTL_ENABLE_DEBUG_INFO = INCLUDE_SOURCE;
				MTL_FAST_MATH = YES;
				ONLY_ACTIVE_ARCH = YES;
				SDKROOT = iphoneos;
				SWIFT_ACTIVE_COMPILATION_CONDITIONS = DEBUG;
				SWIFT_OPTIMIZATION_LEVEL = "-Onone";
			};
			name = Debug;
		};
		710459A321FB91BD00677A19 /* Release */ = {
			isa = XCBuildConfiguration;
			buildSettings = {
				ALWAYS_SEARCH_USER_PATHS = NO;
				CLANG_ANALYZER_NONNULL = YES;
				CLANG_ANALYZER_NUMBER_OBJECT_CONVERSION = YES_AGGRESSIVE;
				CLANG_CXX_LANGUAGE_STANDARD = "gnu++14";
				CLANG_CXX_LIBRARY = "libc++";
				CLANG_ENABLE_MODULES = YES;
				CLANG_ENABLE_OBJC_ARC = YES;
				CLANG_ENABLE_OBJC_WEAK = YES;
				CLANG_WARN_BLOCK_CAPTURE_AUTORELEASING = YES;
				CLANG_WARN_BOOL_CONVERSION = YES;
				CLANG_WARN_COMMA = YES;
				CLANG_WARN_CONSTANT_CONVERSION = YES;
				CLANG_WARN_DEPRECATED_OBJC_IMPLEMENTATIONS = YES;
				CLANG_WARN_DIRECT_OBJC_ISA_USAGE = YES_ERROR;
				CLANG_WARN_DOCUMENTATION_COMMENTS = YES;
				CLANG_WARN_EMPTY_BODY = YES;
				CLANG_WARN_ENUM_CONVERSION = YES;
				CLANG_WARN_INFINITE_RECURSION = YES;
				CLANG_WARN_INT_CONVERSION = YES;
				CLANG_WARN_NON_LITERAL_NULL_CONVERSION = YES;
				CLANG_WARN_OBJC_IMPLICIT_RETAIN_SELF = YES;
				CLANG_WARN_OBJC_LITERAL_CONVERSION = YES;
				CLANG_WARN_OBJC_ROOT_CLASS = YES_ERROR;
				CLANG_WARN_RANGE_LOOP_ANALYSIS = YES;
				CLANG_WARN_STRICT_PROTOTYPES = YES;
				CLANG_WARN_SUSPICIOUS_MOVE = YES;
				CLANG_WARN_UNGUARDED_AVAILABILITY = YES_AGGRESSIVE;
				CLANG_WARN_UNREACHABLE_CODE = YES;
				CLANG_WARN__DUPLICATE_METHOD_MATCH = YES;
				CODE_SIGN_IDENTITY = "iPhone Developer";
				COPY_PHASE_STRIP = NO;
				DEBUG_INFORMATION_FORMAT = "dwarf-with-dsym";
				ENABLE_NS_ASSERTIONS = NO;
				ENABLE_STRICT_OBJC_MSGSEND = YES;
				GCC_C_LANGUAGE_STANDARD = gnu11;
				GCC_NO_COMMON_BLOCKS = YES;
				GCC_WARN_64_TO_32_BIT_CONVERSION = YES;
				GCC_WARN_ABOUT_RETURN_TYPE = YES_ERROR;
				GCC_WARN_UNDECLARED_SELECTOR = YES;
				GCC_WARN_UNINITIALIZED_AUTOS = YES_AGGRESSIVE;
				GCC_WARN_UNUSED_FUNCTION = YES;
				GCC_WARN_UNUSED_VARIABLE = YES;
				IPHONEOS_DEPLOYMENT_TARGET = 12.1;
				MTL_ENABLE_DEBUG_INFO = NO;
				MTL_FAST_MATH = YES;
				SDKROOT = iphoneos;
				SWIFT_COMPILATION_MODE = wholemodule;
				SWIFT_OPTIMIZATION_LEVEL = "-O";
				VALIDATE_PRODUCT = YES;
			};
			name = Release;
		};
		710459A521FB91BD00677A19 /* Debug */ = {
			isa = XCBuildConfiguration;
			baseConfigurationReference = FAFDEE1494170F0ACC007C55 /* Pods-HumberMedia.debug.xcconfig */;
			buildSettings = {
				ASSETCATALOG_COMPILER_APPICON_NAME = AppIcon;
				CODE_SIGN_IDENTITY = "iPhone Developer";
				CODE_SIGN_STYLE = Automatic;
				DEVELOPMENT_TEAM = "";
				INFOPLIST_FILE = HumberMedia/Info.plist;
				LD_RUNPATH_SEARCH_PATHS = (
					"$(inherited)",
					"@executable_path/Frameworks",
				);
				PRODUCT_BUNDLE_IDENTIFIER = "com.humber-capstone.HumberMedia";
				PRODUCT_NAME = "$(TARGET_NAME)";
				PROVISIONING_PROFILE_SPECIFIER = "";
				SWIFT_VERSION = 4.2;
				TARGETED_DEVICE_FAMILY = 1;
			};
			name = Debug;
		};
		710459A621FB91BD00677A19 /* Release */ = {
			isa = XCBuildConfiguration;
			baseConfigurationReference = 4D84C998B5C198C11089582E /* Pods-HumberMedia.release.xcconfig */;
			buildSettings = {
				ASSETCATALOG_COMPILER_APPICON_NAME = AppIcon;
				CODE_SIGN_IDENTITY = "iPhone Developer";
				CODE_SIGN_STYLE = Automatic;
				DEVELOPMENT_TEAM = "";
				INFOPLIST_FILE = HumberMedia/Info.plist;
				LD_RUNPATH_SEARCH_PATHS = (
					"$(inherited)",
					"@executable_path/Frameworks",
				);
				PRODUCT_BUNDLE_IDENTIFIER = "com.humber-capstone.HumberMedia";
				PRODUCT_NAME = "$(TARGET_NAME)";
				PROVISIONING_PROFILE_SPECIFIER = "";
				SWIFT_VERSION = 4.2;
				TARGETED_DEVICE_FAMILY = 1;
			};
			name = Release;
		};
/* End XCBuildConfiguration section */

/* Begin XCConfigurationList section */
		7104598D21FB91BC00677A19 /* Build configuration list for PBXProject "HumberMedia" */ = {
			isa = XCConfigurationList;
			buildConfigurations = (
				710459A221FB91BD00677A19 /* Debug */,
				710459A321FB91BD00677A19 /* Release */,
			);
			defaultConfigurationIsVisible = 0;
			defaultConfigurationName = Release;
		};
		710459A421FB91BD00677A19 /* Build configuration list for PBXNativeTarget "HumberMedia" */ = {
			isa = XCConfigurationList;
			buildConfigurations = (
				710459A521FB91BD00677A19 /* Debug */,
				710459A621FB91BD00677A19 /* Release */,
			);
			defaultConfigurationIsVisible = 0;
			defaultConfigurationName = Release;
		};
/* End XCConfigurationList section */
	};
	rootObject = 7104598A21FB91BC00677A19 /* Project object */;
}
